{
  "lockfileVersion": 1,
  "configVersion": 1,
  "workspaces": {
    "": {
      "name": "rift-live-fixture",
      "devDependencies": {
        "typescript": "5.9.3",
        "typescript-language-server": "6.0.0",
      },
    },
  },
  "packages": {
    "typescript": ["typescript@5.9.3", "", { "bin": { "tsc": "bin/tsc", "tsserver": "bin/tsserver" } }, "sha512-jl1vZzPDinLr9eUt3J/t7V6FgNEw9QjvBPdysz9KfQDD41fQrC2Y4vKQdiaUpFT4bXlb1RHhLpp8wtm6M5TgSw=="],

    "typescript-language-server": ["typescript-language-server@6.0.0", "", { "bin": { "typescript-language-server": "lib/cli.mjs" } }, "sha512-LXtzY3UZGfghWA5eRU6/T5j1+YiGRgy14mR3GOKyTKlE1op1TYKQnLVxwBsmnXeDhGLuvzZyIHBAqvrekAITYQ=="],
  }
}
